// !$*UTF8*$!
{
	archiveVersion = 1;
	classes = {
	};
	objectVersion = 77;
	objects = {

/* Begin PBXBuildFile section */
		04BF45AB2AD51B46609ABD9C /* ItemEdit.swift in Sources */ = {isa = PBXBuildFile; fileRef = 428AF6991C0BCD0A6DF4B698 /* ItemEdit.swift */; };
		0E38581EE499B1B876D9E331 /* ClipboardSchema.swift in Sources */ = {isa = PBXBuildFile; fileRef = 361D38992D3805A472BABE21 /* ClipboardSchema.swift */; };
		0ED3D1F184A5AA96AD5B6C85 /* HistoryRetention.swift in Sources */ = {isa = PBXBuildFile; fileRef = F7B6AD1278EBD32FC4CEE1C3 /* HistoryRetention.swift */; };
		0F8F6E8A52D86A434E69099B /* PanelPerformanceTests.swift in Sources */ = {isa = PBXBuildFile; fileRef = AE650E00068BA1F55CAEF00B /* PanelPerformanceTests.swift */; };
		10BE9AC35C0F8962A923FFEF /* LinkPreviewCardTests.swift in Sources */ = {isa = PBXBuildFile; fileRef = 80E57409ECE65B44AF773795 /* LinkPreviewCardTests.swift */; };
		11961207D912058A70C6061C /* OCRService.swift in Sources */ = {isa = PBXBuildFile; fileRef = 9D244C7872AFC7C1FD6D6155 /* OCRService.swift */; };
		193A0D94EFD441DFC3BBC790 /* CardDragSourceTests.swift in Sources */ = {isa = PBXBuildFile; fileRef = F5B51D74B19769E22A5A5B22 /* CardDragSourceTests.swift */; };
		1A359C360DACE753B834527A /* SearchFiltersTests.swift in Sources */ = {isa = PBXBuildFile; fileRef = 6E4E46D1E6868C0841F315CD /* SearchFiltersTests.swift */; };
		1F58A497734B1B16387B6586 /* Bundle+Version.swift in Sources */ = {isa = PBXBuildFile; fileRef = 10392B74706508DA48EA7480 /* Bundle+Version.swift */; };
		22D2144EDAFDC77875CE644B /* SystemFontRTFTests.swift in Sources */ = {isa = PBXBuildFile; fileRef = 1E5BFC8D6FBAD34229FBF364 /* SystemFontRTFTests.swift */; };
		232EF8790E86112F3204EF67 /* TextFileReader.swift in Sources */ = {isa = PBXBuildFile; fileRef = 25BB186F271DE2F66DC8547C /* TextFileReader.swift */; };
		26007E233FD2A049C4BC36B8 /* AXTextSelection.swift in Sources */ = {isa = PBXBuildFile; fileRef = 344EFB5415ADCF676579FF61 /* AXTextSelection.swift */; };
		2629EAB3660A7996C36FA580 /* VisualEffectBlur.swift in Sources */ = {isa = PBXBuildFile; fileRef = 733FA40DAFDCEF9D2073E7BC /* VisualEffectBlur.swift */; };
		27CE8917AC01722EF1EE1A25 /* SemanticVersion.swift in Sources */ = {isa = PBXBuildFile; fileRef = C1537F86691B6B6C6AB10F1E /* SemanticVersion.swift */; };
		2D57542F9822AD2B30050EC7 /* RichTextCommandTests.swift in Sources */ = {isa = PBXBuildFile; fileRef = 59C94384454AAB3839D2D74F /* RichTextCommandTests.swift */; };
		2DDF751280E70D295824F45A /* EditSession.swift in Sources */ = {isa = PBXBuildFile; fileRef = 469D90150032736BD076884F /* EditSession.swift */; };
		2F7ED5A2C11A74DCEE2A4522 /* FilterPopover.swift in Sources */ = {isa = PBXBuildFile; fileRef = C1D1A520708631522EC71B50 /* FilterPopover.swift */; };
		31435D96C37E900906FA5E72 /* DurabilityTests.swift in Sources */ = {isa = PBXBuildFile; fileRef = C5BF7C44B875D3F9E4A8A654 /* DurabilityTests.swift */; };
		34886EEB79409908641D41FC /* UpdateController.swift in Sources */ = {isa = PBXBuildFile; fileRef = D6DD73EBEF467CE2C6F89DB4 /* UpdateController.swift */; };
		3633F814EE372C8EE09E8037 /* SaveFormat.swift in Sources */ = {isa = PBXBuildFile; fileRef = 59F2C3ED8ECBAE599D2D59E6 /* SaveFormat.swift */; };
		36D1D914A64791896C6BA966 /* NSImage+Compress.swift in Sources */ = {isa = PBXBuildFile; fileRef = E82CAAB3832FCA2A676416E2 /* NSImage+Compress.swift */; };
		3797093C090025BEB3CE5EE2 /* ContentView.swift in Sources */ = {isa = PBXBuildFile; fileRef = D87256E82B8E13BFED6DF205 /* ContentView.swift */; };
		3922C51017D548BCC76A6A04 /* ColorEditRow.swift in Sources */ = {isa = PBXBuildFile; fileRef = 2531EE16C704360E8AD46411 /* ColorEditRow.swift */; };
		3A6865C304F0469AF8E6336A /* SaveFormatTests.swift in Sources */ = {isa = PBXBuildFile; fileRef = 8C5107DFBED0C58C6AABE75F /* SaveFormatTests.swift */; };
		3CC15CB2D2C8C5DB8A7FBBB8 /* LinkPreviewService.swift in Sources */ = {isa = PBXBuildFile; fileRef = CCC0DD421E182B54D9454E7F /* LinkPreviewService.swift */; };
		3F5FDFB5B2EFB6621514F5A1 /* HTMLCharsetTests.swift in Sources */ = {isa = PBXBuildFile; fileRef = BEB5584A116F674DF6CC31D2 /* HTMLCharsetTests.swift */; };
		4551C89CEC3A91EBF511B33E /* TextTransformTests.swift in Sources */ = {isa = PBXBuildFile; fileRef = 053AC229B155E7FB63B8FD7A /* TextTransformTests.swift */; };
		4B597E61DA226EBF51175917 /* UpdateCheckPresenter.swift in Sources */ = {isa = PBXBuildFile; fileRef = 5B6F0A85567F2D75E31D9909 /* UpdateCheckPresenter.swift */; };
		4B976B9E505285B254B2EF9D /* RichTextHTMLTests.swift in Sources */ = {isa = PBXBuildFile; fileRef = 1D4F8FF023E1870D0D25FF65 /* RichTextHTMLTests.swift */; };
		4C864B0EB4FAD2F6193DADCE /* ItemFileWriter.swift in Sources */ = {isa = PBXBuildFile; fileRef = 72A278A6B784C347DBE841FA /* ItemFileWriter.swift */; };
		4E9A816DAED79B1EB2E33172 /* DeleteConfirmDialog.swift in Sources */ = {isa = PBXBuildFile; fileRef = F02E7309431E160801B9345F /* DeleteConfirmDialog.swift */; };
		508E6789C634B48CDD8997D8 /* ItemEditTests.swift in Sources */ = {isa = PBXBuildFile; fileRef = 0BF6CBC0E19BAA10CA64C841 /* ItemEditTests.swift */; };
		50E7D5EDC1154B094EF93619 /* TextFileReaderTests.swift in Sources */ = {isa = PBXBuildFile; fileRef = 65E374CF2A060621970BC638 /* TextFileReaderTests.swift */; };
		52926C9071433EBB64DBFC53 /* ReleaseInfoTests.swift in Sources */ = {isa = PBXBuildFile; fileRef = 25A64FF9690C12B715F10652 /* ReleaseInfoTests.swift */; };
		543636FA91D2CA5227FA77A9 /* ReleaseNotesMarkdown.swift in Sources */ = {isa = PBXBuildFile; fileRef = C534955ADAA8A5482768F7FD /* ReleaseNotesMarkdown.swift */; };
		5695C5C11D561E81462DE497 /* ContentChecksumTests.swift in Sources */ = {isa = PBXBuildFile; fileRef = BF06D4F9B3D4880BDE3FE07F /* ContentChecksumTests.swift */; };
		59A09369CCC87C1E0E31C329 /* SearchQueryTests.swift in Sources */ = {isa = PBXBuildFile; fileRef = 05EC5B2F239CDB1D0D70E7BE /* SearchQueryTests.swift */; };
		5AA7BEA1C61BAF9588953A16 /* PreviewSpaceKeyTests.swift in Sources */ = {isa = PBXBuildFile; fileRef = 4234D90B039A63DC15B9C0F4 /* PreviewSpaceKeyTests.swift */; };
		5B285C5C89DE854BD0A96A5F /* ClipboardItemTests.swift in Sources */ = {isa = PBXBuildFile; fileRef = 666D180932C3A400D4A14ABF /* ClipboardItemTests.swift */; };
		5F0AAD55D6B0EFCEDB514C8A /* SearchHighlightTests.swift in Sources */ = {isa = PBXBuildFile; fileRef = B7A742A5A321DE505C0AC1D8 /* SearchHighlightTests.swift */; };
		6514DF034670C7F40EDD05D1 /* PerfLog.swift in Sources */ = {isa = PBXBuildFile; fileRef = 370DDE27D87B92CBEE7B7CE0 /* PerfLog.swift */; };
		65223655B953600CB63804A2 /* LegacyJSONImport.swift in Sources */ = {isa = PBXBuildFile; fileRef = 6696936991215517149CBE6B /* LegacyJSONImport.swift */; };
		68C8CC382F8C5F346F02C609 /* ItemFileWriterTests.swift in Sources */ = {isa = PBXBuildFile; fileRef = E662DCE4553148A067F89681 /* ItemFileWriterTests.swift */; };
		6BCACB1849157F4B729732C7 /* SaveNameCaret.swift in Sources */ = {isa = PBXBuildFile; fileRef = 278A5B80FCD8806E1F4ADF7C /* SaveNameCaret.swift */; };
		6D186901909DECC1CDB80AF6 /* HighlightBakePerformanceTests.swift in Sources */ = {isa = PBXBuildFile; fileRef = 1BC65A47955F0457EB21DE8C /* HighlightBakePerformanceTests.swift */; };
		6D4381365AA418FD7E003F88 /* SaveNameCaretTests.swift in Sources */ = {isa = PBXBuildFile; fileRef = C656ECAD1365AD335615FC36 /* SaveNameCaretTests.swift */; };
		6FF8E066631648A6FD8CE6DD /* ClipboardStorageTests.swift in Sources */ = {isa = PBXBuildFile; fileRef = C98F1BE56F8B2409CB0E3348 /* ClipboardStorageTests.swift */; };
		75063E512E3BABCCC14E007F /* PanelSelection.swift in Sources */ = {isa = PBXBuildFile; fileRef = 7474348F51BD9E19B8313AFA /* PanelSelection.swift */; };
		76A6CCB8FE09B59F0EAC4C12 /* UpdateInstaller.swift in Sources */ = {isa = PBXBuildFile; fileRef = 6B4E8E2DBA39BFDA0CAAE8F6 /* UpdateInstaller.swift */; };
		78CA7E921DFE367FA939EC88 /* ColorParserTests.swift in Sources */ = {isa = PBXBuildFile; fileRef = 1C0BAE8F76DBDABDA23190BE /* ColorParserTests.swift */; };
		7C9FD5D6F599D4930262A128 /* UpdateWindowView.swift in Sources */ = {isa = PBXBuildFile; fileRef = C36573A672DD2364A392D26D /* UpdateWindowView.swift */; };
		7F240043BBF89B737BDF879D /* ExclusionRulesTests.swift in Sources */ = {isa = PBXBuildFile; fileRef = C79254BF9825D873F3706578 /* ExclusionRulesTests.swift */; };
		82A51819209A62566C8AE958 /* ModifierWatcher.swift in Sources */ = {isa = PBXBuildFile; fileRef = C950AD2579B86CCEB9A2B4C0 /* ModifierWatcher.swift */; };
		82B476FE8A39CDC169691A2A /* SearchHighlight.swift in Sources */ = {isa = PBXBuildFile; fileRef = BD97601C45EC7F2D5CF5D232 /* SearchHighlight.swift */; };
		839F61269F57DFC84337B1DA /* EditSessionTests.swift in Sources */ = {isa = PBXBuildFile; fileRef = 50FC8D463FE0E944718D11B2 /* EditSessionTests.swift */; };
		83C79C5A3D2616D75AA9F6F5 /* ItemPreviewWindow.swift in Sources */ = {isa = PBXBuildFile; fileRef = 56DC1FD216AF061320A8A99A /* ItemPreviewWindow.swift */; };
		83CC552A87DB8F4A85AB75EE /* RichTextToolbarTests.swift in Sources */ = {isa = PBXBuildFile; fileRef = 47C70C0494D4B02BFC06AAD2 /* RichTextToolbarTests.swift */; };
		83D0FDE628516CFDBBCD443C /* ClipboardItem.swift in Sources */ = {isa = PBXBuildFile; fileRef = 6D434707A563DFC203A2A4DC /* ClipboardItem.swift */; };
		861C97AD943579FF68541910 /* RichTextHTML.swift in Sources */ = {isa = PBXBuildFile; fileRef = 4FB01E38D14DB1EB5E6C8D93 /* RichTextHTML.swift */; };
		88CEBF12B3602D311A33F1B7 /* ReleaseNotesMarkdownTests.swift in Sources */ = {isa = PBXBuildFile; fileRef = B69190F265755C9ED7A05E4A /* ReleaseNotesMarkdownTests.swift */; };
		8DFEA12A2586E502F507CC48 /* Date+Relative.swift in Sources */ = {isa = PBXBuildFile; fileRef = DF07577A60130CAB93AF8FEA /* Date+Relative.swift */; };
		9018FB559242258AA8633AF0 /* FileTextCardTests.swift in Sources */ = {isa = PBXBuildFile; fileRef = D08294BBA3FCD6DC07F00EA7 /* FileTextCardTests.swift */; };
		90E35D7707B487788A05C689 /* PanelGlassBackground.swift in Sources */ = {isa = PBXBuildFile; fileRef = 30634DC9FCDAD9128BD49514 /* PanelGlassBackground.swift */; };
		931AEF302B3E6A7C4C55F1C4 /* ClipboardMonitor.swift in Sources */ = {isa = PBXBuildFile; fileRef = EA1736950F6841CE896F0B0D /* ClipboardMonitor.swift */; };
		938F8150EF2434AE70D8D610 /* CardDragSource.swift in Sources */ = {isa = PBXBuildFile; fileRef = 58FD03BC0700D3C0C38A5756 /* CardDragSource.swift */; };
		93C4A1A0547BF2161CB20633 /* OnboardingView.swift in Sources */ = {isa = PBXBuildFile; fileRef = FAB7223E4D9C78D2DC3190BB /* OnboardingView.swift */; };
		947F8D48883A61380BD25A69 /* ColorItemTests.swift in Sources */ = {isa = PBXBuildFile; fileRef = 37EAD895113A93696109B981 /* ColorItemTests.swift */; };
		98F5FC78EA842B92277D6679 /* EditAndSaveIntegrationTests.swift in Sources */ = {isa = PBXBuildFile; fileRef = FE03EE5F993E60BC9534BFDC /* EditAndSaveIntegrationTests.swift */; };
		99539EE70774894B6BF6BBD0 /* ReleaseInfo.swift in Sources */ = {isa = PBXBuildFile; fileRef = 8C5BC31128194F5EBACB31C9 /* ReleaseInfo.swift */; };
		9A7546409E3D83180730722D /* PasteboardPayload.swift in Sources */ = {isa = PBXBuildFile; fileRef = B1E26B968A3B7B091B0045C1 /* PasteboardPayload.swift */; };
		9A799BE5866442DEAFBCD099 /* PasteboardPayload+Coding.swift in Sources */ = {isa = PBXBuildFile; fileRef = 55FD5815C00BD78B65D212A0 /* PasteboardPayload+Coding.swift */; };
		9B44B923AE4C20043534D837 /* FilterPopoverTests.swift in Sources */ = {isa = PBXBuildFile; fileRef = 41248045341DED6FB9DC054A /* FilterPopoverTests.swift */; };
		A21822C371D5EDBB16D5FBCE /* DragPasteTests.swift in Sources */ = {isa = PBXBuildFile; fileRef = 324750236A13DDDA63254D96 /* DragPasteTests.swift */; };
		A35EF9455EC6871CDDEFA6DB /* Carbon.framework in Frameworks */ = {isa = PBXBuildFile; fileRef = EC0F8032F243CCABB2DAD7D2 /* Carbon.framework */; };
		A40B9D266E976EEEAA716565 /* ClipboardMonitorTests.swift in Sources */ = {isa = PBXBuildFile; fileRef = 9A90315EEE284E6A70C7240A /* ClipboardMonitorTests.swift */; };
		AA0AC649B8FB0C1DC688DB4B /* PageArchive.swift in Sources */ = {isa = PBXBuildFile; fileRef = BB68721CD8D6CED8C68F53EB /* PageArchive.swift */; };
		AADC9933B8F2635381D63798 /* MultiPasteTests.swift in Sources */ = {isa = PBXBuildFile; fileRef = BBA2A3D686FA2932814CF4AB /* MultiPasteTests.swift */; };
		AD6E3E241C8C2DFB2FA00563 /* SettingsView.swift in Sources */ = {isa = PBXBuildFile; fileRef = B58622C67E0CFFBD148B70B6 /* SettingsView.swift */; };
		AFA33A451592033EFE0C9BAB /* SystemFontRTF.swift in Sources */ = {isa = PBXBuildFile; fileRef = 844472E5F27FF51CD31E966A /* SystemFontRTF.swift */; };
		B17A100DD2FCAE295CDBD62A /* RichTextRenderer.swift in Sources */ = {isa = PBXBuildFile; fileRef = 9963093B2EB8B3BEE3B1135C /* RichTextRenderer.swift */; };
		B4D410394D3ABB87FA7E0600 /* PayloadCompressionTests.swift in Sources */ = {isa = PBXBuildFile; fileRef = D8E2CE906892DC478FA62681 /* PayloadCompressionTests.swift */; };
		B7CC5CC0DC0EF0B3650ED3DF /* SearchQuery.swift in Sources */ = {isa = PBXBuildFile; fileRef = 908020B4223493ABD417BDB7 /* SearchQuery.swift */; };
		B8646F0B25F959EAD38021FD /* ClipboardDatabase.swift in Sources */ = {isa = PBXBuildFile; fileRef = 0BE561E834B7CAFFED867960 /* ClipboardDatabase.swift */; };
		B8776C784FE37CCDB284B1EB /* AppNameResolver.swift in Sources */ = {isa = PBXBuildFile; fileRef = C73920B6711E77128C1867C5 /* AppNameResolver.swift */; };
		BEC01B0BAA9EEDEB452DD4A1 /* MultiPaste.swift in Sources */ = {isa = PBXBuildFile; fileRef = 12104D7A975063DE5E86F772 /* MultiPaste.swift */; };
		C030C00311D0CF5FA35B9D2A /* ColorFormat.swift in Sources */ = {isa = PBXBuildFile; fileRef = AC7CD003E8667D4DE9CA37FC /* ColorFormat.swift */; };
		C222C45D47E37E0F8C93FDD6 /* HTMLCharset.swift in Sources */ = {isa = PBXBuildFile; fileRef = 71187267FABCEAF433FA3E72 /* HTMLCharset.swift */; };
		C3CCFD0A70C3A8189CD6A329 /* FilterTokenLayoutTests.swift in Sources */ = {isa = PBXBuildFile; fileRef = F3BA3F59C53175864F9C26E4 /* FilterTokenLayoutTests.swift */; };
		C63B575F133BDA539A11836B /* RichTextCommand.swift in Sources */ = {isa = PBXBuildFile; fileRef = D197479E200D70C41422F98E /* RichTextCommand.swift */; };
		CA471219510EB2F9648973CA /* ClipboardStore.swift in Sources */ = {isa = PBXBuildFile; fileRef = F2FB132D93A8BFAE5ECA53C2 /* ClipboardStore.swift */; };
		CDB4DEB2112CD2E90FF59452 /* ColorParser.swift in Sources */ = {isa = PBXBuildFile; fileRef = 60C8768B3042119107630D95 /* ColorParser.swift */; };
		CECC6B611ADA0B8CA0190EB2 /* DragPaste.swift in Sources */ = {isa = PBXBuildFile; fileRef = 2B6B8C7090D5D23BC636C762 /* DragPaste.swift */; };
		D269B924E989EDCEECB90195 /* EditWindow.swift in Sources */ = {isa = PBXBuildFile; fileRef = AF0B0192733E225B77B22013 /* EditWindow.swift */; };
		D38416A5BA9223B5D65A2711 /* xPasteApp.swift in Sources */ = {isa = PBXBuildFile; fileRef = 155AF65BB95A30EB50C50D11 /* xPasteApp.swift */; };
		D4C31C87769C671EEE6BF12E /* ClipboardItemCard.swift in Sources */ = {isa = PBXBuildFile; fileRef = B042F21E05C8F577B1BC3631 /* ClipboardItemCard.swift */; };
		D545F074BD74FB5C96751C27 /* AccessibilityPermission.swift in Sources */ = {isa = PBXBuildFile; fileRef = 0A9A03461D38597ED8BCC7D8 /* AccessibilityPermission.swift */; };
		D6260516DB39B2420E8DCBD7 /* DropTargetResolver.swift in Sources */ = {isa = PBXBuildFile; fileRef = B252A62581A3A37F37B2B4D8 /* DropTargetResolver.swift */; };
		D6B5C34E3BE62D76E04A3E84 /* DropTargetResolverTests.swift in Sources */ = {isa = PBXBuildFile; fileRef = 1FFCFA47DD87111CF9EEECF9 /* DropTargetResolverTests.swift */; };
		D701AD02712A32180101DFC5 /* SemanticVersionTests.swift in Sources */ = {isa = PBXBuildFile; fileRef = 65FFFF8CC0C0072EED2BCB60 /* SemanticVersionTests.swift */; };
		D7059C1265C97291BC789544 /* Assets.xcassets in Resources */ = {isa = PBXBuildFile; fileRef = B8180D88B8B361A60B075ACB /* Assets.xcassets */; };
		D879AF744E6A7DA8B58EA971 /* NSImageCompressTests.swift in Sources */ = {isa = PBXBuildFile; fileRef = 1D38351BD63FC9F36F00229B /* NSImageCompressTests.swift */; };
		DA4F586E68154388293B0DF7 /* TextTransform.swift in Sources */ = {isa = PBXBuildFile; fileRef = FB7375FCADE20F5B68E4DA14 /* TextTransform.swift */; };
		DB2814040C442BB2ADBB24A7 /* ExclusionRules.swift in Sources */ = {isa = PBXBuildFile; fileRef = 6994ED19A5D9475BD517F3FE /* ExclusionRules.swift */; };
		DC915A994E3F323AEB9D33FC /* ColorFormatTests.swift in Sources */ = {isa = PBXBuildFile; fileRef = E437A8C68C2F154F3AF59DC2 /* ColorFormatTests.swift */; };
		DFE275AB5DC1FD71DEFEAA31 /* SearchFilters.swift in Sources */ = {isa = PBXBuildFile; fileRef = 4836ECB62756EC68D6160CF0 /* SearchFilters.swift */; };
		E08ECF3C17D8DF48D0AFB204 /* DragTempFile.swift in Sources */ = {isa = PBXBuildFile; fileRef = C086EC059543829985A25B26 /* DragTempFile.swift */; };
		E51DCC470588345C40A9788A /* UpdateInstallerTests.swift in Sources */ = {isa = PBXBuildFile; fileRef = 46EAE3D9E5D98EA87F763404 /* UpdateInstallerTests.swift */; };
		E5C57E8FEC2489DB312AD188 /* PanelSlideGeometryTests.swift in Sources */ = {isa = PBXBuildFile; fileRef = 32E1124DE2D62E699871D803 /* PanelSlideGeometryTests.swift */; };
		E708BE78E0121B07680CE58D /* HotkeyRecorderButton.swift in Sources */ = {isa = PBXBuildFile; fileRef = C8A607B4A8D2B02DCCF0E7E5 /* HotkeyRecorderButton.swift */; };
		E78B476F744BFBCC15FB2DC3 /* RichTextToolbar.swift in Sources */ = {isa = PBXBuildFile; fileRef = AFA5AF6EFCB37181CB25C5AD /* RichTextToolbar.swift */; };
		E8DE24745EF30151A95DED7F /* AXTextSelectionTests.swift in Sources */ = {isa = PBXBuildFile; fileRef = F3909597696AC92E5A5CF0A8 /* AXTextSelectionTests.swift */; };
		EC123A15D559171EA0E7A02A /* ClipboardStoreTests.swift in Sources */ = {isa = PBXBuildFile; fileRef = 23DE041CE5171E0778614CC5 /* ClipboardStoreTests.swift */; };
		EF36E1ED0EC2F2FF3026D9AF /* PanelSelectionTests.swift in Sources */ = {isa = PBXBuildFile; fileRef = D94625AC15E9694AF14C9DB4 /* PanelSelectionTests.swift */; };
		F11F8D2D3A1BF742472FADD8 /* ColorEditRowTests.swift in Sources */ = {isa = PBXBuildFile; fileRef = 233D51F915B712C8320E2C8E /* ColorEditRowTests.swift */; };
		F1D7FC7395A8659E929376EC /* RichTextRendererTests.swift in Sources */ = {isa = PBXBuildFile; fileRef = 1BE74587C82BFC319854ABEB /* RichTextRendererTests.swift */; };
		F6EB34F2757CAED96AF3DF4B /* ReleaseNotesView.swift in Sources */ = {isa = PBXBuildFile; fileRef = BBACF14FD885E192BC581C43 /* ReleaseNotesView.swift */; };
		FB9D1C1E32E2847F9F2D6539 /* AppDelegate.swift in Sources */ = {isa = PBXBuildFile; fileRef = 47CD9BF54E42FC2A5BDCC5EE /* AppDelegate.swift */; };
/* End PBXBuildFile section */

/* Begin PBXContainerItemProxy section */
		5D86278017120F5F2F08441B /* PBXContainerItemProxy */ = {
			isa = PBXContainerItemProxy;
			containerPortal = 819473491A303F64B4B4BFD8 /* Project object */;
			proxyType = 1;
			remoteGlobalIDString = 7FC955D8B65CC9FF360E426D;
			remoteInfo = xPaste;
		};
/* End PBXContainerItemProxy section */

/* Begin PBXFileReference section */
		053AC229B155E7FB63B8FD7A /* TextTransformTests.swift */ = {isa = PBXFileReference; lastKnownFileType = sourcecode.swift; path = TextTransformTests.swift; sourceTree = "<group>"; };
		05EC5B2F239CDB1D0D70E7BE /* SearchQueryTests.swift */ = {isa = PBXFileReference; lastKnownFileType = sourcecode.swift; path = SearchQueryTests.swift; sourceTree = "<group>"; };
		0A9A03461D38597ED8BCC7D8 /* AccessibilityPermission.swift */ = {isa = PBXFileReference; lastKnownFileType = sourcecode.swift; path = AccessibilityPermission.swift; sourceTree = "<group>"; };
		0BE561E834B7CAFFED867960 /* ClipboardDatabase.swift */ = {isa = PBXFileReference; lastKnownFileType = sourcecode.swift; path = ClipboardDatabase.swift; sourceTree = "<group>"; };
		0BF6CBC0E19BAA10CA64C841 /* ItemEditTests.swift */ = {isa = PBXFileReference; lastKnownFileType = sourcecode.swift; path = ItemEditTests.swift; sourceTree = "<group>"; };
		10392B74706508DA48EA7480 /* Bundle+Version.swift */ = {isa = PBXFileReference; lastKnownFileType = sourcecode.swift; path = "Bundle+Version.swift"; sourceTree = "<group>"; };
		12104D7A975063DE5E86F772 /* MultiPaste.swift */ = {isa = PBXFileReference; lastKnownFileType = sourcecode.swift; path = MultiPaste.swift; sourceTree = "<group>"; };
		155AF65BB95A30EB50C50D11 /* xPasteApp.swift */ = {isa = PBXFileReference; lastKnownFileType = sourcecode.swift; path = xPasteApp.swift; sourceTree = "<group>"; };
		1BC65A47955F0457EB21DE8C /* HighlightBakePerformanceTests.swift */ = {isa = PBXFileReference; lastKnownFileType = sourcecode.swift; path = HighlightBakePerformanceTests.swift; sourceTree = "<group>"; };
		1BE74587C82BFC319854ABEB /* RichTextRendererTests.swift */ = {isa = PBXFileReference; lastKnownFileType = sourcecode.swift; path = RichTextRendererTests.swift; sourceTree = "<group>"; };
		1C0BAE8F76DBDABDA23190BE /* ColorParserTests.swift */ = {isa = PBXFileReference; lastKnownFileType = sourcecode.swift; path = ColorParserTests.swift; sourceTree = "<group>"; };
		1D38351BD63FC9F36F00229B /* NSImageCompressTests.swift */ = {isa = PBXFileReference; lastKnownFileType = sourcecode.swift; path = NSImageCompressTests.swift; sourceTree = "<group>"; };
		1D4F8FF023E1870D0D25FF65 /* RichTextHTMLTests.swift */ = {isa = PBXFileReference; lastKnownFileType = sourcecode.swift; path = RichTextHTMLTests.swift; sourceTree = "<group>"; };
		1E5BFC8D6FBAD34229FBF364 /* SystemFontRTFTests.swift */ = {isa = PBXFileReference; lastKnownFileType = sourcecode.swift; path = SystemFontRTFTests.swift; sourceTree = "<group>"; };
		1FFCFA47DD87111CF9EEECF9 /* DropTargetResolverTests.swift */ = {isa = PBXFileReference; lastKnownFileType = sourcecode.swift; path = DropTargetResolverTests.swift; sourceTree = "<group>"; };
		233D51F915B712C8320E2C8E /* ColorEditRowTests.swift */ = {isa = PBXFileReference; lastKnownFileType = sourcecode.swift; path = ColorEditRowTests.swift; sourceTree = "<group>"; };
		23DE041CE5171E0778614CC5 /* ClipboardStoreTests.swift */ = {isa = PBXFileReference; lastKnownFileType = sourcecode.swift; path = ClipboardStoreTests.swift; sourceTree = "<group>"; };
		2531EE16C704360E8AD46411 /* ColorEditRow.swift */ = {isa = PBXFileReference; lastKnownFileType = sourcecode.swift; path = ColorEditRow.swift; sourceTree = "<group>"; };
		25A64FF9690C12B715F10652 /* ReleaseInfoTests.swift */ = {isa = PBXFileReference; lastKnownFileType = sourcecode.swift; path = ReleaseInfoTests.swift; sourceTree = "<group>"; };
		25BB186F271DE2F66DC8547C /* TextFileReader.swift */ = {isa = PBXFileReference; lastKnownFileType = sourcecode.swift; path = TextFileReader.swift; sourceTree = "<group>"; };
		278A5B80FCD8806E1F4ADF7C /* SaveNameCaret.swift */ = {isa = PBXFileReference; lastKnownFileType = sourcecode.swift; path = SaveNameCaret.swift; sourceTree = "<group>"; };
		2B6B8C7090D5D23BC636C762 /* DragPaste.swift */ = {isa = PBXFileReference; lastKnownFileType = sourcecode.swift; path = DragPaste.swift; sourceTree = "<group>"; };
		2D6BDE14925E98EB38B7A7BA /* xPaste.entitlements */ = {isa = PBXFileReference; lastKnownFileType = text.plist.entitlements; path = xPaste.entitlements; sourceTree = "<group>"; };
		30634DC9FCDAD9128BD49514 /* PanelGlassBackground.swift */ = {isa = PBXFileReference; lastKnownFileType = sourcecode.swift; path = PanelGlassBackground.swift; sourceTree = "<group>"; };
		324750236A13DDDA63254D96 /* DragPasteTests.swift */ = {isa = PBXFileReference; lastKnownFileType = sourcecode.swift; path = DragPasteTests.swift; sourceTree = "<group>"; };
		32E1124DE2D62E699871D803 /* PanelSlideGeometryTests.swift */ = {isa = PBXFileReference; lastKnownFileType = sourcecode.swift; path = PanelSlideGeometryTests.swift; sourceTree = "<group>"; };
		34214476375F7EF2B4930BEE /* Info.plist */ = {isa = PBXFileReference; lastKnownFileType = text.plist; path = Info.plist; sourceTree = "<group>"; };
		344EFB5415ADCF676579FF61 /* AXTextSelection.swift */ = {isa = PBXFileReference; lastKnownFileType = sourcecode.swift; path = AXTextSelection.swift; sourceTree = "<group>"; };
		361D38992D3805A472BABE21 /* ClipboardSchema.swift */ = {isa = PBXFileReference; lastKnownFileType = sourcecode.swift; path = ClipboardSchema.swift; sourceTree = "<group>"; };
		370DDE27D87B92CBEE7B7CE0 /* PerfLog.swift */ = {isa = PBXFileReference; lastKnownFileType = sourcecode.swift; path = PerfLog.swift; sourceTree = "<group>"; };
		37EAD895113A93696109B981 /* ColorItemTests.swift */ = {isa = PBXFileReference; lastKnownFileType = sourcecode.swift; path = ColorItemTests.swift; sourceTree = "<group>"; };
		40FD74C57665C51AB4D94042 /* xPaste.app */ = {isa = PBXFileReference; explicitFileType = wrapper.application; includeInIndex = 0; path = xPaste.app; sourceTree = BUILT_PRODUCTS_DIR; };
		41248045341DED6FB9DC054A /* FilterPopoverTests.swift */ = {isa = PBXFileReference; lastKnownFileType = sourcecode.swift; path = FilterPopoverTests.swift; sourceTree = "<group>"; };
		4234D90B039A63DC15B9C0F4 /* PreviewSpaceKeyTests.swift */ = {isa = PBXFileReference; lastKnownFileType = sourcecode.swift; path = PreviewSpaceKeyTests.swift; sourceTree = "<group>"; };
		428AF6991C0BCD0A6DF4B698 /* ItemEdit.swift */ = {isa = PBXFileReference; lastKnownFileType = sourcecode.swift; path = ItemEdit.swift; sourceTree = "<group>"; };
		469D90150032736BD076884F /* EditSession.swift */ = {isa = PBXFileReference; lastKnownFileType = sourcecode.swift; path = EditSession.swift; sourceTree = "<group>"; };
		46EAE3D9E5D98EA87F763404 /* UpdateInstallerTests.swift */ = {isa = PBXFileReference; lastKnownFileType = sourcecode.swift; path = UpdateInstallerTests.swift; sourceTree = "<group>"; };
		47C70C0494D4B02BFC06AAD2 /* RichTextToolbarTests.swift */ = {isa = PBXFileReference; lastKnownFileType = sourcecode.swift; path = RichTextToolbarTests.swift; sourceTree = "<group>"; };
		47CD9BF54E42FC2A5BDCC5EE /* AppDelegate.swift */ = {isa = PBXFileReference; lastKnownFileType = sourcecode.swift; path = AppDelegate.swift; sourceTree = "<group>"; };
		4836ECB62756EC68D6160CF0 /* SearchFilters.swift */ = {isa = PBXFileReference; lastKnownFileType = sourcecode.swift; path = SearchFilters.swift; sourceTree = "<group>"; };
		4FB01E38D14DB1EB5E6C8D93 /* RichTextHTML.swift */ = {isa = PBXFileReference; lastKnownFileType = sourcecode.swift; path = RichTextHTML.swift; sourceTree = "<group>"; };
		50FC8D463FE0E944718D11B2 /* EditSessionTests.swift */ = {isa = PBXFileReference; lastKnownFileType = sourcecode.swift; path = EditSessionTests.swift; sourceTree = "<group>"; };
		55FD5815C00BD78B65D212A0 /* PasteboardPayload+Coding.swift */ = {isa = PBXFileReference; lastKnownFileType = sourcecode.swift; path = "PasteboardPayload+Coding.swift"; sourceTree = "<group>"; };
		56DC1FD216AF061320A8A99A /* ItemPreviewWindow.swift */ = {isa = PBXFileReference; lastKnownFileType = sourcecode.swift; path = ItemPreviewWindow.swift; sourceTree = "<group>"; };
		58FD03BC0700D3C0C38A5756 /* CardDragSource.swift */ = {isa = PBXFileReference; lastKnownFileType = sourcecode.swift; path = CardDragSource.swift; sourceTree = "<group>"; };
		59C94384454AAB3839D2D74F /* RichTextCommandTests.swift */ = {isa = PBXFileReference; lastKnownFileType = sourcecode.swift; path = RichTextCommandTests.swift; sourceTree = "<group>"; };
		59F2C3ED8ECBAE599D2D59E6 /* SaveFormat.swift */ = {isa = PBXFileReference; lastKnownFileType = sourcecode.swift; path = SaveFormat.swift; sourceTree = "<group>"; };
		5B6F0A85567F2D75E31D9909 /* UpdateCheckPresenter.swift */ = {isa = PBXFileReference; lastKnownFileType = sourcecode.swift; path = UpdateCheckPresenter.swift; sourceTree = "<group>"; };
		60C8768B3042119107630D95 /* ColorParser.swift */ = {isa = PBXFileReference; lastKnownFileType = sourcecode.swift; path = ColorParser.swift; sourceTree = "<group>"; };
		65E374CF2A060621970BC638 /* TextFileReaderTests.swift */ = {isa = PBXFileReference; lastKnownFileType = sourcecode.swift; path = TextFileReaderTests.swift; sourceTree = "<group>"; };
		65FFFF8CC0C0072EED2BCB60 /* SemanticVersionTests.swift */ = {isa = PBXFileReference; lastKnownFileType = sourcecode.swift; path = SemanticVersionTests.swift; sourceTree = "<group>"; };
		666D180932C3A400D4A14ABF /* ClipboardItemTests.swift */ = {isa = PBXFileReference; lastKnownFileType = sourcecode.swift; path = ClipboardItemTests.swift; sourceTree = "<group>"; };
		6696936991215517149CBE6B /* LegacyJSONImport.swift */ = {isa = PBXFileReference; lastKnownFileType = sourcecode.swift; path = LegacyJSONImport.swift; sourceTree = "<group>"; };
		6994ED19A5D9475BD517F3FE /* ExclusionRules.swift */ = {isa = PBXFileReference; lastKnownFileType = sourcecode.swift; path = ExclusionRules.swift; sourceTree = "<group>"; };
		6B4E8E2DBA39BFDA0CAAE8F6 /* UpdateInstaller.swift */ = {isa = PBXFileReference; lastKnownFileType = sourcecode.swift; path = UpdateInstaller.swift; sourceTree = "<group>"; };
		6D434707A563DFC203A2A4DC /* ClipboardItem.swift */ = {isa = PBXFileReference; lastKnownFileType = sourcecode.swift; path = ClipboardItem.swift; sourceTree = "<group>"; };
		6E4E46D1E6868C0841F315CD /* SearchFiltersTests.swift */ = {isa = PBXFileReference; lastKnownFileType = sourcecode.swift; path = SearchFiltersTests.swift; sourceTree = "<group>"; };
		71187267FABCEAF433FA3E72 /* HTMLCharset.swift */ = {isa = PBXFileReference; lastKnownFileType = sourcecode.swift; path = HTMLCharset.swift; sourceTree = "<group>"; };
		72A278A6B784C347DBE841FA /* ItemFileWriter.swift */ = {isa = PBXFileReference; lastKnownFileType = sourcecode.swift; path = ItemFileWriter.swift; sourceTree = "<group>"; };
		733FA40DAFDCEF9D2073E7BC /* VisualEffectBlur.swift */ = {isa = PBXFileReference; lastKnownFileType = sourcecode.swift; path = VisualEffectBlur.swift; sourceTree = "<group>"; };
		7474348F51BD9E19B8313AFA /* PanelSelection.swift */ = {isa = PBXFileReference; lastKnownFileType = sourcecode.swift; path = PanelSelection.swift; sourceTree = "<group>"; };
		80E57409ECE65B44AF773795 /* LinkPreviewCardTests.swift */ = {isa = PBXFileReference; lastKnownFileType = sourcecode.swift; path = LinkPreviewCardTests.swift; sourceTree = "<group>"; };
		844472E5F27FF51CD31E966A /* SystemFontRTF.swift */ = {isa = PBXFileReference; lastKnownFileType = sourcecode.swift; path = SystemFontRTF.swift; sourceTree = "<group>"; };
		8C5107DFBED0C58C6AABE75F /* SaveFormatTests.swift */ = {isa = PBXFileReference; lastKnownFileType = sourcecode.swift; path = SaveFormatTests.swift; sourceTree = "<group>"; };
		8C5BC31128194F5EBACB31C9 /* ReleaseInfo.swift */ = {isa = PBXFileReference; lastKnownFileType = sourcecode.swift; path = ReleaseInfo.swift; sourceTree = "<group>"; };
		908020B4223493ABD417BDB7 /* SearchQuery.swift */ = {isa = PBXFileReference; lastKnownFileType = sourcecode.swift; path = SearchQuery.swift; sourceTree = "<group>"; };
		9963093B2EB8B3BEE3B1135C /* RichTextRenderer.swift */ = {isa = PBXFileReference; lastKnownFileType = sourcecode.swift; path = RichTextRenderer.swift; sourceTree = "<group>"; };
		9A90315EEE284E6A70C7240A /* ClipboardMonitorTests.swift */ = {isa = PBXFileReference; lastKnownFileType = sourcecode.swift; path = ClipboardMonitorTests.swift; sourceTree = "<group>"; };
		9D244C7872AFC7C1FD6D6155 /* OCRService.swift */ = {isa = PBXFileReference; lastKnownFileType = sourcecode.swift; path = OCRService.swift; sourceTree = "<group>"; };
		AC7CD003E8667D4DE9CA37FC /* ColorFormat.swift */ = {isa = PBXFileReference; lastKnownFileType = sourcecode.swift; path = ColorFormat.swift; sourceTree = "<group>"; };
		AE650E00068BA1F55CAEF00B /* PanelPerformanceTests.swift */ = {isa = PBXFileReference; lastKnownFileType = sourcecode.swift; path = PanelPerformanceTests.swift; sourceTree = "<group>"; };
		AF0B0192733E225B77B22013 /* EditWindow.swift */ = {isa = PBXFileReference; lastKnownFileType = sourcecode.swift; path = EditWindow.swift; sourceTree = "<group>"; };
		AFA5AF6EFCB37181CB25C5AD /* RichTextToolbar.swift */ = {isa = PBXFileReference; lastKnownFileType = sourcecode.swift; path = RichTextToolbar.swift; sourceTree = "<group>"; };
		B042F21E05C8F577B1BC3631 /* ClipboardItemCard.swift */ = {isa = PBXFileReference; lastKnownFileType = sourcecode.swift; path = ClipboardItemCard.swift; sourceTree = "<group>"; };
		B1E26B968A3B7B091B0045C1 /* PasteboardPayload.swift */ = {isa = PBXFileReference; lastKnownFileType = sourcecode.swift; path = PasteboardPayload.swift; sourceTree = "<group>"; };
		B252A62581A3A37F37B2B4D8 /* DropTargetResolver.swift */ = {isa = PBXFileReference; lastKnownFileType = sourcecode.swift; path = DropTargetResolver.swift; sourceTree = "<group>"; };
		B58622C67E0CFFBD148B70B6 /* SettingsView.swift */ = {isa = PBXFileReference; lastKnownFileType = sourcecode.swift; path = SettingsView.swift; sourceTree = "<group>"; };
		B69190F265755C9ED7A05E4A /* ReleaseNotesMarkdownTests.swift */ = {isa = PBXFileReference; lastKnownFileType = sourcecode.swift; path = ReleaseNotesMarkdownTests.swift; sourceTree = "<group>"; };
		B7A742A5A321DE505C0AC1D8 /* SearchHighlightTests.swift */ = {isa = PBXFileReference; lastKnownFileType = sourcecode.swift; path = SearchHighlightTests.swift; sourceTree = "<group>"; };
		B8180D88B8B361A60B075ACB /* Assets.xcassets */ = {isa = PBXFileReference; lastKnownFileType = folder.assetcatalog; path = Assets.xcassets; sourceTree = "<group>"; };
		BB68721CD8D6CED8C68F53EB /* PageArchive.swift */ = {isa = PBXFileReference; lastKnownFileType = sourcecode.swift; path = PageArchive.swift; sourceTree = "<group>"; };
		BBA2A3D686FA2932814CF4AB /* MultiPasteTests.swift */ = {isa = PBXFileReference; lastKnownFileType = sourcecode.swift; path = MultiPasteTests.swift; sourceTree = "<group>"; };
		BBACF14FD885E192BC581C43 /* ReleaseNotesView.swift */ = {isa = PBXFileReference; lastKnownFileType = sourcecode.swift; path = ReleaseNotesView.swift; sourceTree = "<group>"; };
		BCD601C53A44F852EDA68F80 /* xPasteTests.xctest */ = {isa = PBXFileReference; explicitFileType = wrapper.cfbundle; includeInIndex = 0; path = xPasteTests.xctest; sourceTree = BUILT_PRODUCTS_DIR; };
		BD97601C45EC7F2D5CF5D232 /* SearchHighlight.swift */ = {isa = PBXFileReference; lastKnownFileType = sourcecode.swift; path = SearchHighlight.swift; sourceTree = "<group>"; };
		BEB5584A116F674DF6CC31D2 /* HTMLCharsetTests.swift */ = {isa = PBXFileReference; lastKnownFileType = sourcecode.swift; path = HTMLCharsetTests.swift; sourceTree = "<group>"; };
		BF06D4F9B3D4880BDE3FE07F /* ContentChecksumTests.swift */ = {isa = PBXFileReference; lastKnownFileType = sourcecode.swift; path = ContentChecksumTests.swift; sourceTree = "<group>"; };
		C086EC059543829985A25B26 /* DragTempFile.swift */ = {isa = PBXFileReference; lastKnownFileType = sourcecode.swift; path = DragTempFile.swift; sourceTree = "<group>"; };
		C1537F86691B6B6C6AB10F1E /* SemanticVersion.swift */ = {isa = PBXFileReference; lastKnownFileType = sourcecode.swift; path = SemanticVersion.swift; sourceTree = "<group>"; };
		C1D1A520708631522EC71B50 /* FilterPopover.swift */ = {isa = PBXFileReference; lastKnownFileType = sourcecode.swift; path = FilterPopover.swift; sourceTree = "<group>"; };
		C36573A672DD2364A392D26D /* UpdateWindowView.swift */ = {isa = PBXFileReference; lastKnownFileType = sourcecode.swift; path = UpdateWindowView.swift; sourceTree = "<group>"; };
		C534955ADAA8A5482768F7FD /* ReleaseNotesMarkdown.swift */ = {isa = PBXFileReference; lastKnownFileType = sourcecode.swift; path = ReleaseNotesMarkdown.swift; sourceTree = "<group>"; };
		C5BF7C44B875D3F9E4A8A654 /* DurabilityTests.swift */ = {isa = PBXFileReference; lastKnownFileType = sourcecode.swift; path = DurabilityTests.swift; sourceTree = "<group>"; };
		C656ECAD1365AD335615FC36 /* SaveNameCaretTests.swift */ = {isa = PBXFileReference; lastKnownFileType = sourcecode.swift; path = SaveNameCaretTests.swift; sourceTree = "<group>"; };
		C73920B6711E77128C1867C5 /* AppNameResolver.swift */ = {isa = PBXFileReference; lastKnownFileType = sourcecode.swift; path = AppNameResolver.swift; sourceTree = "<group>"; };
		C79254BF9825D873F3706578 /* ExclusionRulesTests.swift */ = {isa = PBXFileReference; lastKnownFileType = sourcecode.swift; path = ExclusionRulesTests.swift; sourceTree = "<group>"; };
		C8A607B4A8D2B02DCCF0E7E5 /* HotkeyRecorderButton.swift */ = {isa = PBXFileReference; lastKnownFileType = sourcecode.swift; path = HotkeyRecorderButton.swift; sourceTree = "<group>"; };
		C950AD2579B86CCEB9A2B4C0 /* ModifierWatcher.swift */ = {isa = PBXFileReference; lastKnownFileType = sourcecode.swift; path = ModifierWatcher.swift; sourceTree = "<group>"; };
		C98F1BE56F8B2409CB0E3348 /* ClipboardStorageTests.swift */ = {isa = PBXFileReference; lastKnownFileType = sourcecode.swift; path = ClipboardStorageTests.swift; sourceTree = "<group>"; };
		CCC0DD421E182B54D9454E7F /* LinkPreviewService.swift */ = {isa = PBXFileReference; lastKnownFileType = sourcecode.swift; path = LinkPreviewService.swift; sourceTree = "<group>"; };
		D08294BBA3FCD6DC07F00EA7 /* FileTextCardTests.swift */ = {isa = PBXFileReference; lastKnownFileType = sourcecode.swift; path = FileTextCardTests.swift; sourceTree = "<group>"; };
		D197479E200D70C41422F98E /* RichTextCommand.swift */ = {isa = PBXFileReference; lastKnownFileType = sourcecode.swift; path = RichTextCommand.swift; sourceTree = "<group>"; };
		D6DD73EBEF467CE2C6F89DB4 /* UpdateController.swift */ = {isa = PBXFileReference; lastKnownFileType = sourcecode.swift; path = UpdateController.swift; sourceTree = "<group>"; };
		D87256E82B8E13BFED6DF205 /* ContentView.swift */ = {isa = PBXFileReference; lastKnownFileType = sourcecode.swift; path = ContentView.swift; sourceTree = "<group>"; };
		D8E2CE906892DC478FA62681 /* PayloadCompressionTests.swift */ = {isa = PBXFileReference; lastKnownFileType = sourcecode.swift; path = PayloadCompressionTests.swift; sourceTree = "<group>"; };
		D94625AC15E9694AF14C9DB4 /* PanelSelectionTests.swift */ = {isa = PBXFileReference; lastKnownFileType = sourcecode.swift; path = PanelSelectionTests.swift; sourceTree = "<group>"; };
		DF07577A60130CAB93AF8FEA /* Date+Relative.swift */ = {isa = PBXFileReference; lastKnownFileType = sourcecode.swift; path = "Date+Relative.swift"; sourceTree = "<group>"; };
		E437A8C68C2F154F3AF59DC2 /* ColorFormatTests.swift */ = {isa = PBXFileReference; lastKnownFileType = sourcecode.swift; path = ColorFormatTests.swift; sourceTree = "<group>"; };
		E662DCE4553148A067F89681 /* ItemFileWriterTests.swift */ = {isa = PBXFileReference; lastKnownFileType = sourcecode.swift; path = ItemFileWriterTests.swift; sourceTree = "<group>"; };
		E82CAAB3832FCA2A676416E2 /* NSImage+Compress.swift */ = {isa = PBXFileReference; lastKnownFileType = sourcecode.swift; path = "NSImage+Compress.swift"; sourceTree = "<group>"; };
		EA1736950F6841CE896F0B0D /* ClipboardMonitor.swift */ = {isa = PBXFileReference; lastKnownFileType = sourcecode.swift; path = ClipboardMonitor.swift; sourceTree = "<group>"; };
		EC0F8032F243CCABB2DAD7D2 /* Carbon.framework */ = {isa = PBXFileReference; lastKnownFileType = wrapper.framework; name = Carbon.framework; path = System/Library/Frameworks/Carbon.framework; sourceTree = SDKROOT; };
		F02E7309431E160801B9345F /* DeleteConfirmDialog.swift */ = {isa = PBXFileReference; lastKnownFileType = sourcecode.swift; path = DeleteConfirmDialog.swift; sourceTree = "<group>"; };
		F2FB132D93A8BFAE5ECA53C2 /* ClipboardStore.swift */ = {isa = PBXFileReference; lastKnownFileType = sourcecode.swift; path = ClipboardStore.swift; sourceTree = "<group>"; };
		F3909597696AC92E5A5CF0A8 /* AXTextSelectionTests.swift */ = {isa = PBXFileReference; lastKnownFileType = sourcecode.swift; path = AXTextSelectionTests.swift; sourceTree = "<group>"; };
		F3BA3F59C53175864F9C26E4 /* FilterTokenLayoutTests.swift */ = {isa = PBXFileReference; lastKnownFileType = sourcecode.swift; path = FilterTokenLayoutTests.swift; sourceTree = "<group>"; };
		F5B51D74B19769E22A5A5B22 /* CardDragSourceTests.swift */ = {isa = PBXFileReference; lastKnownFileType = sourcecode.swift; path = CardDragSourceTests.swift; sourceTree = "<group>"; };
		F7B6AD1278EBD32FC4CEE1C3 /* HistoryRetention.swift */ = {isa = PBXFileReference; lastKnownFileType = sourcecode.swift; path = HistoryRetention.swift; sourceTree = "<group>"; };
		FAB7223E4D9C78D2DC3190BB /* OnboardingView.swift */ = {isa = PBXFileReference; lastKnownFileType = sourcecode.swift; path = OnboardingView.swift; sourceTree = "<group>"; };
		FB7375FCADE20F5B68E4DA14 /* TextTransform.swift */ = {isa = PBXFileReference; lastKnownFileType = sourcecode.swift; path = TextTransform.swift; sourceTree = "<group>"; };
		FE03EE5F993E60BC9534BFDC /* EditAndSaveIntegrationTests.swift */ = {isa = PBXFileReference; lastKnownFileType = sourcecode.swift; path = EditAndSaveIntegrationTests.swift; sourceTree = "<group>"; };
/* End PBXFileReference section */

/* Begin PBXFrameworksBuildPhase section */
		FCEDC29DBE8F9DCD1C52127A /* Frameworks */ = {
			isa = PBXFrameworksBuildPhase;
			buildActionMask = 2147483647;
			files = (
				A35EF9455EC6871CDDEFA6DB /* Carbon.framework in Frameworks */,
			);
			runOnlyForDeploymentPostprocessing = 0;
		};
/* End PBXFrameworksBuildPhase section */

/* Begin PBXGroup section */
		3D9889E23ED52F182A0106CD /* xPaste */ = {
			isa = PBXGroup;
			children = (
				34214476375F7EF2B4930BEE /* Info.plist */,
				2D6BDE14925E98EB38B7A7BA /* xPaste.entitlements */,
				A66FA3E0B6DE50B98712C8CA /* App */,
				FC3D1888047F41C65B66FE2C /* Extensions */,
				9C59ABAF5C8F2917D89F1A61 /* Models */,
				EB9F8AA5AFECF4BB97FECEBA /* Resources */,
				8961439759D8F1CC7BCCE0B9 /* Services */,
				F50877DD7434DA795A2B583C /* Storage */,
				5B7EE6DCBE141FD01A223305 /* Views */,
			);
			path = xPaste;
			sourceTree = "<group>";
		};
		5B7EE6DCBE141FD01A223305 /* Views */ = {
			isa = PBXGroup;
			children = (
				58FD03BC0700D3C0C38A5756 /* CardDragSource.swift */,
				B042F21E05C8F577B1BC3631 /* ClipboardItemCard.swift */,
				2531EE16C704360E8AD46411 /* ColorEditRow.swift */,
				D87256E82B8E13BFED6DF205 /* ContentView.swift */,
				F02E7309431E160801B9345F /* DeleteConfirmDialog.swift */,
				AF0B0192733E225B77B22013 /* EditWindow.swift */,
				C1D1A520708631522EC71B50 /* FilterPopover.swift */,
				C8A607B4A8D2B02DCCF0E7E5 /* HotkeyRecorderButton.swift */,
				56DC1FD216AF061320A8A99A /* ItemPreviewWindow.swift */,
				FAB7223E4D9C78D2DC3190BB /* OnboardingView.swift */,
				BBACF14FD885E192BC581C43 /* ReleaseNotesView.swift */,
				AFA5AF6EFCB37181CB25C5AD /* RichTextToolbar.swift */,
				B58622C67E0CFFBD148B70B6 /* SettingsView.swift */,
				5B6F0A85567F2D75E31D9909 /* UpdateCheckPresenter.swift */,
				C36573A672DD2364A392D26D /* UpdateWindowView.swift */,
			);
			path = Views;
			sourceTree = "<group>";
		};
		86FFE7AE467A52B15F1CFDF3 /* xPasteTests */ = {
			isa = PBXGroup;
			children = (
				F3909597696AC92E5A5CF0A8 /* AXTextSelectionTests.swift */,
				F5B51D74B19769E22A5A5B22 /* CardDragSourceTests.swift */,
				666D180932C3A400D4A14ABF /* ClipboardItemTests.swift */,
				9A90315EEE284E6A70C7240A /* ClipboardMonitorTests.swift */,
				C98F1BE56F8B2409CB0E3348 /* ClipboardStorageTests.swift */,
				23DE041CE5171E0778614CC5 /* ClipboardStoreTests.swift */,
				233D51F915B712C8320E2C8E /* ColorEditRowTests.swift */,
				E437A8C68C2F154F3AF59DC2 /* ColorFormatTests.swift */,
				37EAD895113A93696109B981 /* ColorItemTests.swift */,
				1C0BAE8F76DBDABDA23190BE /* ColorParserTests.swift */,
				BF06D4F9B3D4880BDE3FE07F /* ContentChecksumTests.swift */,
				324750236A13DDDA63254D96 /* DragPasteTests.swift */,
				1FFCFA47DD87111CF9EEECF9 /* DropTargetResolverTests.swift */,
				C5BF7C44B875D3F9E4A8A654 /* DurabilityTests.swift */,
				FE03EE5F993E60BC9534BFDC /* EditAndSaveIntegrationTests.swift */,
				50FC8D463FE0E944718D11B2 /* EditSessionTests.swift */,
				C79254BF9825D873F3706578 /* ExclusionRulesTests.swift */,
				D08294BBA3FCD6DC07F00EA7 /* FileTextCardTests.swift */,
				41248045341DED6FB9DC054A /* FilterPopoverTests.swift */,
				F3BA3F59C53175864F9C26E4 /* FilterTokenLayoutTests.swift */,
				1BC65A47955F0457EB21DE8C /* HighlightBakePerformanceTests.swift */,
				BEB5584A116F674DF6CC31D2 /* HTMLCharsetTests.swift */,
				0BF6CBC0E19BAA10CA64C841 /* ItemEditTests.swift */,
				E662DCE4553148A067F89681 /* ItemFileWriterTests.swift */,
				80E57409ECE65B44AF773795 /* LinkPreviewCardTests.swift */,
				BBA2A3D686FA2932814CF4AB /* MultiPasteTests.swift */,
				1D38351BD63FC9F36F00229B /* NSImageCompressTests.swift */,
				AE650E00068BA1F55CAEF00B /* PanelPerformanceTests.swift */,
				D94625AC15E9694AF14C9DB4 /* PanelSelectionTests.swift */,
				32E1124DE2D62E699871D803 /* PanelSlideGeometryTests.swift */,
				D8E2CE906892DC478FA62681 /* PayloadCompressionTests.swift */,
				4234D90B039A63DC15B9C0F4 /* PreviewSpaceKeyTests.swift */,
				25A64FF9690C12B715F10652 /* ReleaseInfoTests.swift */,
				B69190F265755C9ED7A05E4A /* ReleaseNotesMarkdownTests.swift */,
				59C94384454AAB3839D2D74F /* RichTextCommandTests.swift */,
				1D4F8FF023E1870D0D25FF65 /* RichTextHTMLTests.swift */,
				1BE74587C82BFC319854ABEB /* RichTextRendererTests.swift */,
				47C70C0494D4B02BFC06AAD2 /* RichTextToolbarTests.swift */,
				8C5107DFBED0C58C6AABE75F /* SaveFormatTests.swift */,
				C656ECAD1365AD335615FC36 /* SaveNameCaretTests.swift */,
				6E4E46D1E6868C0841F315CD /* SearchFiltersTests.swift */,
				B7A742A5A321DE505C0AC1D8 /* SearchHighlightTests.swift */,
				05EC5B2F239CDB1D0D70E7BE /* SearchQueryTests.swift */,
				65FFFF8CC0C0072EED2BCB60 /* SemanticVersionTests.swift */,
				1E5BFC8D6FBAD34229FBF364 /* SystemFontRTFTests.swift */,
				65E374CF2A060621970BC638 /* TextFileReaderTests.swift */,
				053AC229B155E7FB63B8FD7A /* TextTransformTests.swift */,
				46EAE3D9E5D98EA87F763404 /* UpdateInstallerTests.swift */,
			);
			path = xPasteTests;
			sourceTree = "<group>";
		};
		8961439759D8F1CC7BCCE0B9 /* Services */ = {
			isa = PBXGroup;
			children = (
				0A9A03461D38597ED8BCC7D8 /* AccessibilityPermission.swift */,
				C73920B6711E77128C1867C5 /* AppNameResolver.swift */,
				344EFB5415ADCF676579FF61 /* AXTextSelection.swift */,
				EA1736950F6841CE896F0B0D /* ClipboardMonitor.swift */,
				AC7CD003E8667D4DE9CA37FC /* ColorFormat.swift */,
				60C8768B3042119107630D95 /* ColorParser.swift */,
				2B6B8C7090D5D23BC636C762 /* DragPaste.swift */,
				C086EC059543829985A25B26 /* DragTempFile.swift */,
				B252A62581A3A37F37B2B4D8 /* DropTargetResolver.swift */,
				469D90150032736BD076884F /* EditSession.swift */,
				6994ED19A5D9475BD517F3FE /* ExclusionRules.swift */,
				71187267FABCEAF433FA3E72 /* HTMLCharset.swift */,
				428AF6991C0BCD0A6DF4B698 /* ItemEdit.swift */,
				72A278A6B784C347DBE841FA /* ItemFileWriter.swift */,
				CCC0DD421E182B54D9454E7F /* LinkPreviewService.swift */,
				C950AD2579B86CCEB9A2B4C0 /* ModifierWatcher.swift */,
				9D244C7872AFC7C1FD6D6155 /* OCRService.swift */,
				BB68721CD8D6CED8C68F53EB /* PageArchive.swift */,
				7474348F51BD9E19B8313AFA /* PanelSelection.swift */,
				370DDE27D87B92CBEE7B7CE0 /* PerfLog.swift */,
				8C5BC31128194F5EBACB31C9 /* ReleaseInfo.swift */,
				C534955ADAA8A5482768F7FD /* ReleaseNotesMarkdown.swift */,
				D197479E200D70C41422F98E /* RichTextCommand.swift */,
				4FB01E38D14DB1EB5E6C8D93 /* RichTextHTML.swift */,
				9963093B2EB8B3BEE3B1135C /* RichTextRenderer.swift */,
				59F2C3ED8ECBAE599D2D59E6 /* SaveFormat.swift */,
				278A5B80FCD8806E1F4ADF7C /* SaveNameCaret.swift */,
				BD97601C45EC7F2D5CF5D232 /* SearchHighlight.swift */,
				C1537F86691B6B6C6AB10F1E /* SemanticVersion.swift */,
				844472E5F27FF51CD31E966A /* SystemFontRTF.swift */,
				25BB186F271DE2F66DC8547C /* TextFileReader.swift */,
				FB7375FCADE20F5B68E4DA14 /* TextTransform.swift */,
				6B4E8E2DBA39BFDA0CAAE8F6 /* UpdateInstaller.swift */,
			);
			path = Services;
			sourceTree = "<group>";
		};
		9C59ABAF5C8F2917D89F1A61 /* Models */ = {
			isa = PBXGroup;
			children = (
				6D434707A563DFC203A2A4DC /* ClipboardItem.swift */,
				F2FB132D93A8BFAE5ECA53C2 /* ClipboardStore.swift */,
				F7B6AD1278EBD32FC4CEE1C3 /* HistoryRetention.swift */,
				12104D7A975063DE5E86F772 /* MultiPaste.swift */,
				4836ECB62756EC68D6160CF0 /* SearchFilters.swift */,
				908020B4223493ABD417BDB7 /* SearchQuery.swift */,
			);
			path = Models;
			sourceTree = "<group>";
		};
		A66FA3E0B6DE50B98712C8CA /* App */ = {
			isa = PBXGroup;
			children = (
				47CD9BF54E42FC2A5BDCC5EE /* AppDelegate.swift */,
				D6DD73EBEF467CE2C6F89DB4 /* UpdateController.swift */,
				155AF65BB95A30EB50C50D11 /* xPasteApp.swift */,
			);
			path = App;
			sourceTree = "<group>";
		};
		BB0389597CC8A6C0D20F14F3 /* Products */ = {
			isa = PBXGroup;
			children = (
				40FD74C57665C51AB4D94042 /* xPaste.app */,
				BCD601C53A44F852EDA68F80 /* xPasteTests.xctest */,
			);
			name = Products;
			sourceTree = "<group>";
		};
		C9A532208F7488F3785CB80B = {
			isa = PBXGroup;
			children = (
				3D9889E23ED52F182A0106CD /* xPaste */,
				86FFE7AE467A52B15F1CFDF3 /* xPasteTests */,
				DB03E4581D2AE7B29F46ADD1 /* Frameworks */,
				BB0389597CC8A6C0D20F14F3 /* Products */,
			);
			sourceTree = "<group>";
		};
		DB03E4581D2AE7B29F46ADD1 /* Frameworks */ = {
			isa = PBXGroup;
			children = (
				EC0F8032F243CCABB2DAD7D2 /* Carbon.framework */,
			);
			name = Frameworks;
			sourceTree = "<group>";
		};
		EB9F8AA5AFECF4BB97FECEBA /* Resources */ = {
			isa = PBXGroup;
			children = (
				B8180D88B8B361A60B075ACB /* Assets.xcassets */,
			);
			path = Resources;
			sourceTree = "<group>";
		};
		F50877DD7434DA795A2B583C /* Storage */ = {
			isa = PBXGroup;
			children = (
				0BE561E834B7CAFFED867960 /* ClipboardDatabase.swift */,
				361D38992D3805A472BABE21 /* ClipboardSchema.swift */,
				6696936991215517149CBE6B /* LegacyJSONImport.swift */,
				B1E26B968A3B7B091B0045C1 /* PasteboardPayload.swift */,
				55FD5815C00BD78B65D212A0 /* PasteboardPayload+Coding.swift */,
			);
			path = Storage;
			sourceTree = "<group>";
		};
		FC3D1888047F41C65B66FE2C /* Extensions */ = {
			isa = PBXGroup;
			children = (
				10392B74706508DA48EA7480 /* Bundle+Version.swift */,
				DF07577A60130CAB93AF8FEA /* Date+Relative.swift */,
				E82CAAB3832FCA2A676416E2 /* NSImage+Compress.swift */,
				30634DC9FCDAD9128BD49514 /* PanelGlassBackground.swift */,
				733FA40DAFDCEF9D2073E7BC /* VisualEffectBlur.swift */,
			);
			path = Extensions;
			sourceTree = "<group>";
		};
/* End PBXGroup section */

/* Begin PBXNativeTarget section */
		73F5404E345048AD6E076AFF /* xPasteTests */ = {
			isa = PBXNativeTarget;
			buildConfigurationList = 621F8A7B900830D9704B1814 /* Build configuration list for PBXNativeTarget "xPasteTests" */;
			buildPhases = (
				DBD8E284F7F1CBDCAA581267 /* Sources */,
			);
			buildRules = (
			);
			dependencies = (
				8740A4A729617F369ED09EAF /* PBXTargetDependency */,
			);
			name = xPasteTests;
			packageProductDependencies = (
			);
			productName = xPasteTests;
			productReference = BCD601C53A44F852EDA68F80 /* xPasteTests.xctest */;
			productType = "com.apple.product-type.bundle.unit-test";
		};
		7FC955D8B65CC9FF360E426D /* xPaste */ = {
			isa = PBXNativeTarget;
			buildConfigurationList = 4F971194A7CB70F1E35108D4 /* Build configuration list for PBXNativeTarget "xPaste" */;
			buildPhases = (
				6A50DBE6F0B7475D1904E855 /* Sources */,
				525F133BA61672DB49C942D0 /* Resources */,
				FCEDC29DBE8F9DCD1C52127A /* Frameworks */,
			);
			buildRules = (
			);
			dependencies = (
			);
			name = xPaste;
			packageProductDependencies = (
			);
			productName = xPaste;
			productReference = 40FD74C57665C51AB4D94042 /* xPaste.app */;
			productType = "com.apple.product-type.application";
		};
/* End PBXNativeTarget section */

/* Begin PBXProject section */
		819473491A303F64B4B4BFD8 /* Project object */ = {
			isa = PBXProject;
			attributes = {
				BuildIndependentTargetsInParallel = YES;
				LastUpgradeCheck = 1500;
				TargetAttributes = {
					7FC955D8B65CC9FF360E426D = {
						DevelopmentTeam = "";
						ProvisioningStyle = Manual;
					};
				};
			};
			buildConfigurationList = 4E1D7BBD76D291EC844F3FFB /* Build configuration list for PBXProject "xPaste" */;
			developmentRegion = en;
			hasScannedForEncodings = 0;
			knownRegions = (
				Base,
				en,
			);
			mainGroup = C9A532208F7488F3785CB80B;
			minimizedProjectReferenceProxies = 1;
			preferredProjectObjectVersion = 77;
			productRefGroup = BB0389597CC8A6C0D20F14F3 /* Products */;
			projectDirPath = "";
			projectRoot = "";
			targets = (
				7FC955D8B65CC9FF360E426D /* xPaste */,
				73F5404E345048AD6E076AFF /* xPasteTests */,
			);
		};
/* End PBXProject section */

/* Begin PBXResourcesBuildPhase section */
		525F133BA61672DB49C942D0 /* Resources */ = {
			isa = PBXResourcesBuildPhase;
			buildActionMask = 2147483647;
			files = (
				D7059C1265C97291BC789544 /* Assets.xcassets in Resources */,
			);
			runOnlyForDeploymentPostprocessing = 0;
		};
/* End PBXResourcesBuildPhase section */

/* Begin PBXSourcesBuildPhase section */
		6A50DBE6F0B7475D1904E855 /* Sources */ = {
			isa = PBXSourcesBuildPhase;
			buildActionMask = 2147483647;
			files = (
				26007E233FD2A049C4BC36B8 /* AXTextSelection.swift in Sources */,
				D545F074BD74FB5C96751C27 /* AccessibilityPermission.swift in Sources */,
				FB9D1C1E32E2847F9F2D6539 /* AppDelegate.swift in Sources */,
				B8776C784FE37CCDB284B1EB /* AppNameResolver.swift in Sources */,
				1F58A497734B1B16387B6586 /* Bundle+Version.swift in Sources */,
				938F8150EF2434AE70D8D610 /* CardDragSource.swift in Sources */,
				B8646F0B25F959EAD38021FD /* ClipboardDatabase.swift in Sources */,
				83D0FDE628516CFDBBCD443C /* ClipboardItem.swift in Sources */,
				D4C31C87769C671EEE6BF12E /* ClipboardItemCard.swift in Sources */,
				931AEF302B3E6A7C4C55F1C4 /* ClipboardMonitor.swift in Sources */,
				0E38581EE499B1B876D9E331 /* ClipboardSchema.swift in Sources */,
				CA471219510EB2F9648973CA /* ClipboardStore.swift in Sources */,
				3922C51017D548BCC76A6A04 /* ColorEditRow.swift in Sources */,
				C030C00311D0CF5FA35B9D2A /* ColorFormat.swift in Sources */,
				CDB4DEB2112CD2E90FF59452 /* ColorParser.swift in Sources */,
				3797093C090025BEB3CE5EE2 /* ContentView.swift in Sources */,
				8DFEA12A2586E502F507CC48 /* Date+Relative.swift in Sources */,
				4E9A816DAED79B1EB2E33172 /* DeleteConfirmDialog.swift in Sources */,
				CECC6B611ADA0B8CA0190EB2 /* DragPaste.swift in Sources */,
				E08ECF3C17D8DF48D0AFB204 /* DragTempFile.swift in Sources */,
				D6260516DB39B2420E8DCBD7 /* DropTargetResolver.swift in Sources */,
				2DDF751280E70D295824F45A /* EditSession.swift in Sources */,
				D269B924E989EDCEECB90195 /* EditWindow.swift in Sources */,
				DB2814040C442BB2ADBB24A7 /* ExclusionRules.swift in Sources */,
				2F7ED5A2C11A74DCEE2A4522 /* FilterPopover.swift in Sources */,
				C222C45D47E37E0F8C93FDD6 /* HTMLCharset.swift in Sources */,
				0ED3D1F184A5AA96AD5B6C85 /* HistoryRetention.swift in Sources */,
				E708BE78E0121B07680CE58D /* HotkeyRecorderButton.swift in Sources */,
				04BF45AB2AD51B46609ABD9C /* ItemEdit.swift in Sources */,
				4C864B0EB4FAD2F6193DADCE /* ItemFileWriter.swift in Sources */,
				83C79C5A3D2616D75AA9F6F5 /* ItemPreviewWindow.swift in Sources */,
				65223655B953600CB63804A2 /* LegacyJSONImport.swift in Sources */,
				3CC15CB2D2C8C5DB8A7FBBB8 /* LinkPreviewService.swift in Sources */,
				82A51819209A62566C8AE958 /* ModifierWatcher.swift in Sources */,
				BEC01B0BAA9EEDEB452DD4A1 /* MultiPaste.swift in Sources */,
				36D1D914A64791896C6BA966 /* NSImage+Compress.swift in Sources */,
				11961207D912058A70C6061C /* OCRService.swift in Sources */,
				93C4A1A0547BF2161CB20633 /* OnboardingView.swift in Sources */,
				AA0AC649B8FB0C1DC688DB4B /* PageArchive.swift in Sources */,
				90E35D7707B487788A05C689 /* PanelGlassBackground.swift in Sources */,
				75063E512E3BABCCC14E007F /* PanelSelection.swift in Sources */,
				9A799BE5866442DEAFBCD099 /* PasteboardPayload+Coding.swift in Sources */,
				9A7546409E3D83180730722D /* PasteboardPayload.swift in Sources */,
				6514DF034670C7F40EDD05D1 /* PerfLog.swift in Sources */,
				99539EE70774894B6BF6BBD0 /* ReleaseInfo.swift in Sources */,
				543636FA91D2CA5227FA77A9 /* ReleaseNotesMarkdown.swift in Sources */,
				F6EB34F2757CAED96AF3DF4B /* ReleaseNotesView.swift in Sources */,
				C63B575F133BDA539A11836B /* RichTextCommand.swift in Sources */,
				861C97AD943579FF68541910 /* RichTextHTML.swift in Sources */,
				B17A100DD2FCAE295CDBD62A /* RichTextRenderer.swift in Sources */,
				E78B476F744BFBCC15FB2DC3 /* RichTextToolbar.swift in Sources */,
				3633F814EE372C8EE09E8037 /* SaveFormat.swift in Sources */,
				6BCACB1849157F4B729732C7 /* SaveNameCaret.swift in Sources */,
				DFE275AB5DC1FD71DEFEAA31 /* SearchFilters.swift in Sources */,
				82B476FE8A39CDC169691A2A /* SearchHighlight.swift in Sources */,
				B7CC5CC0DC0EF0B3650ED3DF /* SearchQuery.swift in Sources */,
				27CE8917AC01722EF1EE1A25 /* SemanticVersion.swift in Sources */,
				AD6E3E241C8C2DFB2FA00563 /* SettingsView.swift in Sources */,
				AFA33A451592033EFE0C9BAB /* SystemFontRTF.swift in Sources */,
				232EF8790E86112F3204EF67 /* TextFileReader.swift in Sources */,
				DA4F586E68154388293B0DF7 /* TextTransform.swift in Sources */,
				4B597E61DA226EBF51175917 /* UpdateCheckPresenter.swift in Sources */,
				34886EEB79409908641D41FC /* UpdateController.swift in Sources */,
				76A6CCB8FE09B59F0EAC4C12 /* UpdateInstaller.swift in Sources */,
				7C9FD5D6F599D4930262A128 /* UpdateWindowView.swift in Sources */,
				2629EAB3660A7996C36FA580 /* VisualEffectBlur.swift in Sources */,
				D38416A5BA9223B5D65A2711 /* xPasteApp.swift in Sources */,
			);
			runOnlyForDeploymentPostprocessing = 0;
		};
		DBD8E284F7F1CBDCAA581267 /* Sources */ = {
			isa = PBXSourcesBuildPhase;
			buildActionMask = 2147483647;
			files = (
				E8DE24745EF30151A95DED7F /* AXTextSelectionTests.swift in Sources */,
				193A0D94EFD441DFC3BBC790 /* CardDragSourceTests.swift in Sources */,
				5B285C5C89DE854BD0A96A5F /* ClipboardItemTests.swift in Sources */,
				A40B9D266E976EEEAA716565 /* ClipboardMonitorTests.swift in Sources */,
				6FF8E066631648A6FD8CE6DD /* ClipboardStorageTests.swift in Sources */,
				EC123A15D559171EA0E7A02A /* ClipboardStoreTests.swift in Sources */,
				F11F8D2D3A1BF742472FADD8 /* ColorEditRowTests.swift in Sources */,
				DC915A994E3F323AEB9D33FC /* ColorFormatTests.swift in Sources */,
				947F8D48883A61380BD25A69 /* ColorItemTests.swift in Sources */,
				78CA7E921DFE367FA939EC88 /* ColorParserTests.swift in Sources */,
				5695C5C11D561E81462DE497 /* ContentChecksumTests.swift in Sources */,
				A21822C371D5EDBB16D5FBCE /* DragPasteTests.swift in Sources */,
				D6B5C34E3BE62D76E04A3E84 /* DropTargetResolverTests.swift in Sources */,
				31435D96C37E900906FA5E72 /* DurabilityTests.swift in Sources */,
				98F5FC78EA842B92277D6679 /* EditAndSaveIntegrationTests.swift in Sources */,
				839F61269F57DFC84337B1DA /* EditSessionTests.swift in Sources */,
				7F240043BBF89B737BDF879D /* ExclusionRulesTests.swift in Sources */,
				9018FB559242258AA8633AF0 /* FileTextCardTests.swift in Sources */,
				9B44B923AE4C20043534D837 /* FilterPopoverTests.swift in Sources */,
				C3CCFD0A70C3A8189CD6A329 /* FilterTokenLayoutTests.swift in Sources */,
				3F5FDFB5B2EFB6621514F5A1 /* HTMLCharsetTests.swift in Sources */,
				6D186901909DECC1CDB80AF6 /* HighlightBakePerformanceTests.swift in Sources */,
				508E6789C634B48CDD8997D8 /* ItemEditTests.swift in Sources */,
				68C8CC382F8C5F346F02C609 /* ItemFileWriterTests.swift in Sources */,
				10BE9AC35C0F8962A923FFEF /* LinkPreviewCardTests.swift in Sources */,
				AADC9933B8F2635381D63798 /* MultiPasteTests.swift in Sources */,
				D879AF744E6A7DA8B58EA971 /* NSImageCompressTests.swift in Sources */,
				0F8F6E8A52D86A434E69099B /* PanelPerformanceTests.swift in Sources */,
				EF36E1ED0EC2F2FF3026D9AF /* PanelSelectionTests.swift in Sources */,
				E5C57E8FEC2489DB312AD188 /* PanelSlideGeometryTests.swift in Sources */,
				B4D410394D3ABB87FA7E0600 /* PayloadCompressionTests.swift in Sources */,
				5AA7BEA1C61BAF9588953A16 /* PreviewSpaceKeyTests.swift in Sources */,
				52926C9071433EBB64DBFC53 /* ReleaseInfoTests.swift in Sources */,
				88CEBF12B3602D311A33F1B7 /* ReleaseNotesMarkdownTests.swift in Sources */,
				2D57542F9822AD2B30050EC7 /* RichTextCommandTests.swift in Sources */,
				4B976B9E505285B254B2EF9D /* RichTextHTMLTests.swift in Sources */,
				F1D7FC7395A8659E929376EC /* RichTextRendererTests.swift in Sources */,
				83CC552A87DB8F4A85AB75EE /* RichTextToolbarTests.swift in Sources */,
				3A6865C304F0469AF8E6336A /* SaveFormatTests.swift in Sources */,
				6D4381365AA418FD7E003F88 /* SaveNameCaretTests.swift in Sources */,
				1A359C360DACE753B834527A /* SearchFiltersTests.swift in Sources */,
				5F0AAD55D6B0EFCEDB514C8A /* SearchHighlightTests.swift in Sources */,
				59A09369CCC87C1E0E31C329 /* SearchQueryTests.swift in Sources */,
				D701AD02712A32180101DFC5 /* SemanticVersionTests.swift in Sources */,
				22D2144EDAFDC77875CE644B /* SystemFontRTFTests.swift in Sources */,
				50E7D5EDC1154B094EF93619 /* TextFileReaderTests.swift in Sources */,
				4551C89CEC3A91EBF511B33E /* TextTransformTests.swift in Sources */,
				E51DCC470588345C40A9788A /* UpdateInstallerTests.swift in Sources */,
			);
			runOnlyForDeploymentPostprocessing = 0;
		};
/* End PBXSourcesBuildPhase section */

/* Begin PBXTargetDependency section */
		8740A4A729617F369ED09EAF /* PBXTargetDependency */ = {
			isa = PBXTargetDependency;
			target = 7FC955D8B65CC9FF360E426D /* xPaste */;
			targetProxy = 5D86278017120F5F2F08441B /* PBXContainerItemProxy */;
		};
/* End PBXTargetDependency section */

/* Begin XCBuildConfiguration section */
		0D15A4F4A684A15B99895748 /* Debug */ = {
			isa = XCBuildConfiguration;
			buildSettings = {
				BUNDLE_LOADER = "$(BUILT_PRODUCTS_DIR)/xPaste.app/Contents/MacOS/xPaste";
				COMBINE_HIDPI_IMAGES = YES;
				GENERATE_INFOPLIST_FILE = YES;
				LD_RUNPATH_SEARCH_PATHS = (
					"$(inherited)",
					"@executable_path/../Frameworks",
					"@loader_path/../Frameworks",
				);
				MACOSX_DEPLOYMENT_TARGET = 13.0;
				PRODUCT_BUNDLE_IDENTIFIER = com.user.xPasteTests;
				SDKROOT = macosx;
				SWIFT_VERSION = 5.9;
				TEST_HOST = "$(BUILT_PRODUCTS_DIR)/xPaste.app/Contents/MacOS/xPaste";
			};
			name = Debug;
		};
		3E7EC43954C0C1180E19F16B /* Debug */ = {
			isa = XCBuildConfiguration;
			buildSettings = {
				ASSETCATALOG_COMPILER_APPICON_NAME = AppIcon;
				CODE_SIGN_ENTITLEMENTS = xPaste/xPaste.entitlements;
				CODE_SIGN_IDENTITY = "xPaste Local Signing";
				CODE_SIGN_STYLE = Manual;
				COMBINE_HIDPI_IMAGES = YES;
				DEVELOPMENT_TEAM = "";
				ENABLE_APP_SANDBOX = NO;
				INFOPLIST_FILE = xPaste/Info.plist;
				LD_RUNPATH_SEARCH_PATHS = (
					"$(inherited)",
					"@executable_path/../Frameworks",
				);
				MACOSX_DEPLOYMENT_TARGET = 13.0;
				PRODUCT_BUNDLE_IDENTIFIER = com.user.xPaste;
				SDKROOT = macosx;
				SWIFT_VERSION = 5.9;
			};
			name = Debug;
		};
		73BCBCB428B74C411CFAFACE /* Debug */ = {
			isa = XCBuildConfiguration;
			buildSettings = {
				ALWAYS_SEARCH_USER_PATHS = NO;
				CLANG_ANALYZER_NONNULL = YES;
				CLANG_ANALYZER_NUMBER_OBJECT_CONVERSION = YES_AGGRESSIVE;
				CLANG_CXX_LANGUAGE_STANDARD = "gnu++14";
				CLANG_CXX_LIBRARY = "libc++";
				CLANG_ENABLE_MODULES = YES;
				CLANG_ENABLE_OBJC_ARC = YES;
				CLANG_ENABLE_OBJC_WEAK = YES;
				CLANG_WARN_BLOCK_CAPTURE_AUTORELEASING = YES;
				CLANG_WARN_BOOL_CONVERSION = YES;
				CLANG_WARN_COMMA = YES;
				CLANG_WARN_CONSTANT_CONVERSION = YES;
				CLANG_WARN_DEPRECATED_OBJC_IMPLEMENTATIONS = YES;
				CLANG_WARN_DIRECT_OBJC_ISA_USAGE = YES_ERROR;
				CLANG_WARN_DOCUMENTATION_COMMENTS = YES;
				CLANG_WARN_EMPTY_BODY = YES;
				CLANG_WARN_ENUM_CONVERSION = YES;
				CLANG_WARN_INFINITE_RECURSION = YES;
				CLANG_WARN_INT_CONVERSION = YES;
				CLANG_WARN_NON_LITERAL_NULL_CONVERSION = YES;
				CLANG_WARN_OBJC_IMPLICIT_RETAIN_SELF = YES;
				CLANG_WARN_OBJC_LITERAL_CONVERSION = YES;
				CLANG_WARN_OBJC_ROOT_CLASS = YES_ERROR;
				CLANG_WARN_QUOTED_INCLUDE_IN_FRAMEWORK_HEADER = YES;
				CLANG_WARN_RANGE_LOOP_ANALYSIS = YES;
				CLANG_WARN_STRICT_PROTOTYPES = YES;
				CLANG_WARN_SUSPICIOUS_MOVE = YES;
				CLANG_WARN_UNGUARDED_AVAILABILITY = YES_AGGRESSIVE;
				CLANG_WARN_UNREACHABLE_CODE = YES;
				CLANG_WARN__DUPLICATE_METHOD_MATCH = YES;
				COPY_PHASE_STRIP = NO;
				DEBUG_INFORMATION_FORMAT = dwarf;
				ENABLE_STRICT_OBJC_MSGSEND = YES;
				ENABLE_TESTABILITY = YES;
				GCC_C_LANGUAGE_STANDARD = gnu11;
				GCC_DYNAMIC_NO_PIC = NO;
				GCC_NO_COMMON_BLOCKS = YES;
				GCC_OPTIMIZATION_LEVEL = 0;
				GCC_PREPROCESSOR_DEFINITIONS = (
					"$(inherited)",
					"DEBUG=1",
				);
				GCC_WARN_64_TO_32_BIT_CONVERSION = YES;
				GCC_WARN_ABOUT_RETURN_TYPE = YES_ERROR;
				GCC_WARN_UNDECLARED_SELECTOR = YES;
				GCC_WARN_UNINITIALIZED_AUTOS = YES_AGGRESSIVE;
				GCC_WARN_UNUSED_FUNCTION = YES;
				GCC_WARN_UNUSED_VARIABLE = YES;
				MACOSX_DEPLOYMENT_TARGET = 13.0;
				MTL_ENABLE_DEBUG_INFO = INCLUDE_SOURCE;
				MTL_FAST_MATH = YES;
				ONLY_ACTIVE_ARCH = YES;
				PRODUCT_NAME = "$(TARGET_NAME)";
				SDKROOT = macosx;
				SWIFT_ACTIVE_COMPILATION_CONDITIONS = DEBUG;
				SWIFT_OPTIMIZATION_LEVEL = "-Onone";
				SWIFT_VERSION = 5.0;
			};
			name = Debug;
		};
		73D18B47AAC9BD470DC9061C /* Release */ = {
			isa = XCBuildConfiguration;
			buildSettings = {
				ALWAYS_SEARCH_USER_PATHS = NO;
				CLANG_ANALYZER_NONNULL = YES;
				CLANG_ANALYZER_NUMBER_OBJECT_CONVERSION = YES_AGGRESSIVE;
				CLANG_CXX_LANGUAGE_STANDARD = "gnu++14";
				CLANG_CXX_LIBRARY = "libc++";
				CLANG_ENABLE_MODULES = YES;
				CLANG_ENABLE_OBJC_ARC = YES;
				CLANG_ENABLE_OBJC_WEAK = YES;
				CLANG_WARN_BLOCK_CAPTURE_AUTORELEASING = YES;
				CLANG_WARN_BOOL_CONVERSION = YES;
				CLANG_WARN_COMMA = YES;
				CLANG_WARN_CONSTANT_CONVERSION = YES;
				CLANG_WARN_DEPRECATED_OBJC_IMPLEMENTATIONS = YES;
				CLANG_WARN_DIRECT_OBJC_ISA_USAGE = YES_ERROR;
				CLANG_WARN_DOCUMENTATION_COMMENTS = YES;
				CLANG_WARN_EMPTY_BODY = YES;
				CLANG_WARN_ENUM_CONVERSION = YES;
				CLANG_WARN_INFINITE_RECURSION = YES;
				CLANG_WARN_INT_CONVERSION = YES;
				CLANG_WARN_NON_LITERAL_NULL_CONVERSION = YES;
				CLANG_WARN_OBJC_IMPLICIT_RETAIN_SELF = YES;
				CLANG_WARN_OBJC_LITERAL_CONVERSION = YES;
				CLANG_WARN_OBJC_ROOT_CLASS = YES_ERROR;
				CLANG_WARN_QUOTED_INCLUDE_IN_FRAMEWORK_HEADER = YES;
				CLANG_WARN_RANGE_LOOP_ANALYSIS = YES;
				CLANG_WARN_STRICT_PROTOTYPES = YES;
				CLANG_WARN_SUSPICIOUS_MOVE = YES;
				CLANG_WARN_UNGUARDED_AVAILABILITY = YES_AGGRESSIVE;
				CLANG_WARN_UNREACHABLE_CODE = YES;
				CLANG_WARN__DUPLICATE_METHOD_MATCH = YES;
				COPY_PHASE_STRIP = NO;
				DEBUG_INFORMATION_FORMAT = "dwarf-with-dsym";
				ENABLE_NS_ASSERTIONS = NO;
				ENABLE_STRICT_OBJC_MSGSEND = YES;
				GCC_C_LANGUAGE_STANDARD = gnu11;
				GCC_NO_COMMON_BLOCKS = YES;
				GCC_WARN_64_TO_32_BIT_CONVERSION = YES;
				GCC_WARN_ABOUT_RETURN_TYPE = YES_ERROR;
				GCC_WARN_UNDECLARED_SELECTOR = YES;
				GCC_WARN_UNINITIALIZED_AUTOS = YES_AGGRESSIVE;
				GCC_WARN_UNUSED_FUNCTION = YES;
				GCC_WARN_UNUSED_VARIABLE = YES;
				MACOSX_DEPLOYMENT_TARGET = 13.0;
				MTL_ENABLE_DEBUG_INFO = NO;
				MTL_FAST_MATH = YES;
				PRODUCT_NAME = "$(TARGET_NAME)";
				SDKROOT = macosx;
				SWIFT_COMPILATION_MODE = wholemodule;
				SWIFT_OPTIMIZATION_LEVEL = "-O";
				SWIFT_VERSION = 5.0;
			};
			name = Release;
		};
		F7F283D170CADA05FDE6EC01 /* Release */ = {
			isa = XCBuildConfiguration;
			buildSettings = {
				BUNDLE_LOADER = "$(BUILT_PRODUCTS_DIR)/xPaste.app/Contents/MacOS/xPaste";
				COMBINE_HIDPI_IMAGES = YES;
				GENERATE_INFOPLIST_FILE = YES;
				LD_RUNPATH_SEARCH_PATHS = (
					"$(inherited)",
					"@executable_path/../Frameworks",
					"@loader_path/../Frameworks",
				);
				MACOSX_DEPLOYMENT_TARGET = 13.0;
				PRODUCT_BUNDLE_IDENTIFIER = com.user.xPasteTests;
				SDKROOT = macosx;
				SWIFT_VERSION = 5.9;
				TEST_HOST = "$(BUILT_PRODUCTS_DIR)/xPaste.app/Contents/MacOS/xPaste";
			};
			name = Release;
		};
		FF4E0CEEDB336EB4CBD03CB2 /* Release */ = {
			isa = XCBuildConfiguration;
			buildSettings = {
				ASSETCATALOG_COMPILER_APPICON_NAME = AppIcon;
				CODE_SIGN_ENTITLEMENTS = xPaste/xPaste.entitlements;
				CODE_SIGN_IDENTITY = "xPaste Local Signing";
				CODE_SIGN_STYLE = Manual;
				COMBINE_HIDPI_IMAGES = YES;
				DEVELOPMENT_TEAM = "";
				ENABLE_APP_SANDBOX = NO;
				INFOPLIST_FILE = xPaste/Info.plist;
				LD_RUNPATH_SEARCH_PATHS = (
					"$(inherited)",
					"@executable_path/../Frameworks",
				);
				MACOSX_DEPLOYMENT_TARGET = 13.0;
				PRODUCT_BUNDLE_IDENTIFIER = com.user.xPaste;
				SDKROOT = macosx;
				SWIFT_VERSION = 5.9;
			};
			name = Release;
		};
/* End XCBuildConfiguration section */

/* Begin XCConfigurationList section */
		4E1D7BBD76D291EC844F3FFB /* Build configuration list for PBXProject "xPaste" */ = {
			isa = XCConfigurationList;
			buildConfigurations = (
				73BCBCB428B74C411CFAFACE /* Debug */,
				73D18B47AAC9BD470DC9061C /* Release */,
			);
			defaultConfigurationIsVisible = 0;
			defaultConfigurationName = Debug;
		};
		4F971194A7CB70F1E35108D4 /* Build configuration list for PBXNativeTarget "xPaste" */ = {
			isa = XCConfigurationList;
			buildConfigurations = (
				3E7EC43954C0C1180E19F16B /* Debug */,
				FF4E0CEEDB336EB4CBD03CB2 /* Release */,
			);
			defaultConfigurationIsVisible = 0;
			defaultConfigurationName = Debug;
		};
		621F8A7B900830D9704B1814 /* Build configuration list for PBXNativeTarget "xPasteTests" */ = {
			isa = XCConfigurationList;
			buildConfigurations = (
				0D15A4F4A684A15B99895748 /* Debug */,
				F7F283D170CADA05FDE6EC01 /* Release */,
			);
			defaultConfigurationIsVisible = 0;
			defaultConfigurationName = Debug;
		};
/* End XCConfigurationList section */
	};
	rootObject = 819473491A303F64B4B4BFD8 /* Project object */;
}
